
Microsoft Visual Studio Solution File, Format Version 12.00
# Visual Studio Version 16
VisualStudioVersion = 16.0.30907.101
MinimumVisualStudioVersion = 10.0.40219.1
Project("{2150E333-8FDC-42A3-9474-1A3956D46DE8}") = "Application", "Application", "{94230D36-4A7A-4377-BFF1-543E6C67D4B6}"
EndProject
Project("{2150E333-8FDC-42A3-9474-1A3956D46DE8}") = "Domain", "Domain", "{109D2133-7751-428D-B0D7-DC3DC2FCBF5A}"
EndProject
Project("{2150E333-8FDC-42A3-9474-1A3956D46DE8}") = "Infra.IoC", "Infra.IoC", "{B3BDF2C0-D043-475A-B7C4-85E2B069D26F}"
EndProject
Project("{2150E333-8FDC-42A3-9474-1A3956D46DE8}") = "Infra.Data", "Infra.Data", "{C7B7D34C-E578-4A6A-9BBE-1CA519C886BE}"
EndProject
Project("{2150E333-8FDC-42A3-9474-1A3956D46DE8}") = "Presentation", "Presentation", "{53BE99E8-24A9-4320-AA81-5C5A3B898845}"
EndProject
Project("{9A19103F-16F7-4668-BE54-9A1E7A4F7556}") = "CleaneArch.MVC", "CleanArch.MVC\CleaneArch.MVC.csproj", "{191B64EA-699E-47C6-A553-78EBD0A80802}"
EndProject
Project("{9A19103F-16F7-4668-BE54-9A1E7A4F7556}") = "CleaneArch.Infra.Data", "CleaneArch.Infra.Data\CleaneArch.Infra.Data.csproj", "{9C24D65B-DF74-4666-B8AC-D23D3DF524D4}"
EndProject
Project("{9A19103F-16F7-4668-BE54-9A1E7A4F7556}") = "CleaneArch.Domain", "CleaneArch.Domain\CleaneArch.Domain.csproj", "{C6D2F970-5BC3-4342-AC35-8EBB26D93605}"
EndProject
Project("{FAE04EC0-301F-11D3-BF4B-00C04F79EFBC}") = "CleaneArch.Application", "CleaneArch.Application\CleaneArch.Application.csproj", "{F3F64A6E-C388-45CD-9BF0-2C2F63167AFE}"
EndProject
Global
	GlobalSection(SolutionConfigurationPlatforms) = preSolution
		Debug|Any CPU = Debug|Any CPU
		Release|Any CPU = Release|Any CPU
	EndGlobalSection
	GlobalSection(ProjectConfigurationPlatforms) = postSolution
		{191B64EA-699E-47C6-A553-78EBD0A80802}.Debug|Any CPU.ActiveCfg = Debug|Any CPU
		{191B64EA-699E-47C6-A553-78EBD0A80802}.Debug|Any CPU.Build.0 = Debug|Any CPU
		{191B64EA-699E-47C6-A553-78EBD0A80802}.Release|Any CPU.ActiveCfg = Release|Any CPU
		{191B64EA-699E-47C6-A553-78EBD0A80802}.Release|Any CPU.Build.0 = Release|Any CPU
		{9C24D65B-DF74-4666-B8AC-D23D3DF524D4}.Debug|Any CPU.ActiveCfg = Debug|Any CPU
		{9C24D65B-DF74-4666-B8AC-D23D3DF524D4}.Debug|Any CPU.Build.0 = Debug|Any CPU
		{9C24D65B-DF74-4666-B8AC-D23D3DF524D4}.Release|Any CPU.ActiveCfg = Release|Any CPU
		{9C24D65B-DF74-4666-B8AC-D23D3DF524D4}.Release|Any CPU.Build.0 = Release|Any CPU
		{C6D2F970-5BC3-4342-AC35-8EBB26D93605}.Debug|Any CPU.ActiveCfg = Debug|Any CPU
		{C6D2F970-5BC3-4342-AC35-8EBB26D93605}.Debug|Any CPU.Build.0 = Debug|Any CPU
		{C6D2F970-5BC3-4342-AC35-8EBB26D93605}.Release|Any CPU.ActiveCfg = Release|Any CPU
		{C6D2F970-5BC3-4342-AC35-8EBB26D93605}.Release|Any CPU.Build.0 = Release|Any CPU
		{F3F64A6E-C388-45CD-9BF0-2C2F63167AFE}.Debug|Any CPU.ActiveCfg = Debug|Any CPU
		{F3F64A6E-C388-45CD-9BF0-2C2F63167AFE}.Debug|Any CPU.Build.0 = Debug|Any CPU
		{F3F64A6E-C388-45CD-9BF0-2C2F63167AFE}.Release|Any CPU.ActiveCfg = Release|Any CPU
		{F3F64A6E-C388-45CD-9BF0-2C2F63167AFE}.Release|Any CPU.Build.0 = Release|Any CPU
	EndGlobalSection
	GlobalSection(SolutionProperties) = preSolution
		HideSolutionNode = FALSE
	EndGlobalSection
	GlobalSection(NestedProjects) = preSolution
		{191B64EA-699E-47C6-A553-78EBD0A80802} = {53BE99E8-24A9-4320-AA81-5C5A3B898845}
		{9C24D65B-DF74-4666-B8AC-D23D3DF524D4} = {C7B7D34C-E578-4A6A-9BBE-1CA519C886BE}
		{C6D2F970-5BC3-4342-AC35-8EBB26D93605} = {109D2133-7751-428D-B0D7-DC3DC2FCBF5A}
		{F3F64A6E-C388-45CD-9BF0-2C2F63167AFE} = {94230D36-4A7A-4377-BFF1-543E6C67D4B6}
	EndGlobalSection
	GlobalSection(ExtensibilityGlobals) = postSolution
		SolutionGuid = {B810CD8B-2C7C-4132-B653-CD59137468DD}
	EndGlobalSection
EndGlobal
